schema: '2.0'
stages:
  generate_dataset:
    cmd: python data_generation/update_dataset.py
    deps:
    - path: .always_run_trigger
      hash: md5
      md5: 29046b17ff49a3f88119133bc1908837
      size: 29
    - path: config/holidays.json
      hash: md5
      md5: cc756261b087914f912448c82aedff51
      size: 1257
    - path: config/semester_dates.json
      hash: md5
      md5: 857f62ef64797f0dbe8afc694fcc714a
      size: 646
    - path: data_generation/generate_parking_data.py
      hash: md5
      md5: 6d5c1e1d838b48f769092153fa4e4180
      size: 3655
    - path: data_generation/generate_weather_data.py
      hash: md5
      md5: 05487ac82070975219040bd679390ef2
      size: 1583
    - path: data_generation/update_dataset.py
      hash: md5
      md5: 1931c004bebf3d738fe23e4ef2eb564b
      size: 2488
  train_model:
    cmd: python train_and_log.py --csv_path data/merged_parking_weather_dataset.csv
    deps:
    - path: data/merged_parking_weather_dataset.csv
      hash: md5
      md5: 7bc393112d71969edd6c97719e777c95
      size: 1114677
    - path: data_loader.py
      hash: md5
      md5: 57536ec260c9c022f84348a67175f3d7
      size: 225
    - path: feature_engineering.py
      hash: md5
      md5: 70f8853b775319e08d7e61d0dcd10e5e
      size: 1941
    - path: model_builder.py
      hash: md5
      md5: 81f7277ec707d42ae5acd2a13cd10cad
      size: 751
    - path: train_and_log.py
      hash: md5
      md5: 3037fd6bcb8441d7c9507c716bf07dae
      size: 5343
    outs:
    - path: output/
      hash: md5
      md5: 1e0fdc33393ff9c1cd4b76af8148b1b3.dir
      size: 69753
      nfiles: 2
